// !$*UTF8*$!
{
	archiveVersion = 1;
	classes = {
	};
	objectVersion = 46;
	objects = {

/* Begin PBXBuildFile section */
		3F4887C31CC2525200D4E391 /* AppDelegate.swift in Sources */ = {isa = PBXBuildFile; fileRef = 3F4887C21CC2525200D4E391 /* AppDelegate.swift */; };
		3F4887C51CC2525200D4E391 /* ViewController.swift in Sources */ = {isa = PBXBuildFile; fileRef = 3F4887C41CC2525200D4E391 /* ViewController.swift */; };
		3F4887C81CC2525200D4E391 /* Main.storyboard in Resources */ = {isa = PBXBuildFile; fileRef = 3F4887C61CC2525200D4E391 /* Main.storyboard */; };
		3F4887CA1CC2525200D4E391 /* Assets.xcassets in Resources */ = {isa = PBXBuildFile; fileRef = 3F4887C91CC2525200D4E391 /* Assets.xcassets */; };
		3F4887CD1CC2525200D4E391 /* LaunchScreen.storyboard in Resources */ = {isa = PBXBuildFile; fileRef = 3F4887CB1CC2525200D4E391 /* LaunchScreen.storyboard */; };
		3F4887D81CC2525200D4E391 /* PickerViewTests.swift in Sources */ = {isa = PBXBuildFile; fileRef = 3F4887D71CC2525200D4E391 /* PickerViewTests.swift */; };
		3F4887E31CC2525300D4E391 /* PickerViewUITests.swift in Sources */ = {isa = PBXBuildFile; fileRef = 3F4887E21CC2525300D4E391 /* PickerViewUITests.swift */; };
/* End PBXBuildFile section */

/* Begin PBXContainerItemProxy section */
		3F4887D41CC2525200D4E391 /* PBXContainerItemProxy */ = {
			isa = PBXContainerItemProxy;
			containerPortal = 3F4887B71CC2525200D4E391 /* Project object */;
			proxyType = 1;
			remoteGlobalIDString = 3F4887BE1CC2525200D4E391;
			remoteInfo = PickerView;
		};
		3F4887DF1CC2525200D4E391 /* PBXContainerItemProxy */ = {
			isa = PBXContainerItemProxy;
			containerPortal = 3F4887B71CC2525200D4E391 /* Project object */;
			proxyType = 1;
			remoteGlobalIDString = 3F4887BE1CC2525200D4E391;
			remoteInfo = PickerView;
		};
/* End PBXContainerItemProxy section */

/* Begin PBXFileReference section */
		3F4887BF1CC2525200D4E391 /* PickerView.app */ = {isa = PBXFileReference; explicitFileType = wrapper.application; includeInIndex = 0; path = PickerView.app; sourceTree = BUILT_PRODUCTS_DIR; };
		3F4887C21CC2525200D4E391 /* AppDelegate.swift */ = {isa = PBXFileReference; lastKnownFileType = sourcecode.swift; path = AppDelegate.swift; sourceTree = "<group>"; };
		3F4887C41CC2525200D4E391 /* ViewController.swift */ = {isa = PBXFileReference; lastKnownFileType = sourcecode.swift; path = ViewController.swift; sourceTree = "<group>"; };
		3F4887C71CC2525200D4E391 /* Base */ = {isa = PBXFileReference; lastKnownFileType = file.storyboard; name = Base; path = Base.lproj/Main.storyboard; sourceTree = "<group>"; };
		3F4887C91CC2525200D4E391 /* Assets.xcassets */ = {isa = PBXFileReference; lastKnownFileType = folder.assetcatalog; path = Assets.xcassets; sourceTree = "<group>"; };
		3F4887CC1CC2525200D4E391 /* Base */ = {isa = PBXFileReference; lastKnownFileType = file.storyboard; name = Base; path = Base.lproj/LaunchScreen.storyboard; sourceTree = "<group>"; };
		3F4887CE1CC2525200D4E391 /* Info.plist */ = {isa = PBXFileReference; lastKnownFileType = text.plist.xml; path = Info.plist; sourceTree = "<group>"; };
		3F4887D31CC2525200D4E391 /* PickerViewTests.xctest */ = {isa = PBXFileReference; explicitFileType = wrapper.cfbundle; includeInIndex = 0; path = PickerViewTests.xctest; sourceTree = BUILT_PRODUCTS_DIR; };
		3F4887D71CC2525200D4E391 /* PickerViewTests.swift */ = {isa = PBXFileReference; lastKnownFileType = sourcecode.swift; path = PickerViewTests.swift; sourceTree = "<group>"; };
		3F4887D91CC2525200D4E391 /* Info.plist */ = {isa = PBXFileReference; lastKnownFileType = text.plist.xml; path = Info.plist; sourceTree = "<group>"; };
		3F4887DE1CC2525200D4E391 /* PickerViewUITests.xctest */ = {isa = PBXFileReference; explicitFileType = wrapper.cfbundle; includeInIndex = 0; path = PickerViewUITests.xctest; sourceTree = BUILT_PRODUCTS_DIR; };
		3F4887E21CC2525300D4E391 /* PickerViewUITests.swift */ = {isa = PBXFileReference; lastKnownFileType = sourcecode.swift; path = PickerViewUITests.swift; sourceTree = "<group>"; };
		3F4887E41CC2525300D4E391 /* Info.plist */ = {isa = PBXFileReference; lastKnownFileType = text.plist.xml; path = Info.plist; sourceTree = "<group>"; };
/* End PBXFileReference section */

/* Begin PBXFrameworksBuildPhase section */
		3F4887BC1CC2525200D4E391 /* Frameworks */ = {
			isa = PBXFrameworksBuildPhase;
			buildActionMask = 2147483647;
			files = (
			);
			runOnlyForDeploymentPostprocessing = 0;
		};
		3F4887D01CC2525200D4E391 /* Frameworks */ = {
			isa = PBXFrameworksBuildPhase;
			buildActionMask = 2147483647;
			files = (
			);
			runOnlyForDeploymentPostprocessing = 0;
		};
		3F4887DB1CC2525200D4E391 /* Frameworks */ = {
			isa = PBXFrameworksBuildPhase;
			buildActionMask = 2147483647;
			files = (
			);
			runOnlyForDeploymentPostprocessing = 0;
		};
/* End PBXFrameworksBuildPhase section */

/* Begin PBXGroup section */
		3F4887B61CC2525200D4E391 = {
			isa = PBXGroup;
			children = (
				3F4887C11CC2525200D4E391 /* PickerView */,
				3F4887D61CC2525200D4E391 /* PickerViewTests */,
				3F4887E11CC2525300D4E391 /* PickerViewUITests */,
				3F4887C01CC2525200D4E391 /* Products */,
			);
			sourceTree = "<group>";
		};
		3F4887C01CC2525200D4E391 /* Products */ = {
			isa = PBXGroup;
			children = (
				3F4887BF1CC2525200D4E391 /* PickerView.app */,
				3F4887D31CC2525200D4E391 /* PickerViewTests.xctest */,
				3F4887DE1CC2525200D4E391 /* PickerViewUITests.xctest */,
			);
			name = Products;
			sourceTree = "<group>";
		};
		3F4887C11CC2525200D4E391 /* PickerView */ = {
			isa = PBXGroup;
			children = (
				3F4887C21CC2525200D4E391 /* AppDelegate.swift */,
				3F4887C41CC2525200D4E391 /* ViewController.swift */,
				3F4887C61CC2525200D4E391 /* Main.storyboard */,
				3F4887C91CC2525200D4E391 /* Assets.xcassets */,
				3F4887CB1CC2525200D4E391 /* LaunchScreen.storyboard */,
				3F4887CE1CC2525200D4E391 /* Info.plist */,
			);
			path = PickerView;
			sourceTree = "<group>";
		};
		3F4887D61CC2525200D4E391 /* PickerViewTests */ = {
			isa = PBXGroup;
			children = (
				3F4887D71CC2525200D4E391 /* PickerViewTests.swift */,
				3F4887D91CC2525200D4E391 /* Info.plist */,
			);
			path = PickerViewTests;
			sourceTree = "<group>";
		};
		3F4887E11CC2525300D4E391 /* PickerViewUITests */ = {
			isa = PBXGroup;
			children = (
				3F4887E21CC2525300D4E391 /* PickerViewUITests.swift */,
				3F4887E41CC2525300D4E391 /* Info.plist */,
			);
			path = PickerViewUITests;
			sourceTree = "<group>";
		};
/* End PBXGroup section */

/* Begin PBXNativeTarget section */
		3F4887BE1CC2525200D4E391 /* PickerView */ = {
			isa = PBXNativeTarget;
			buildConfigurationList = 3F4887E71CC2525300D4E391 /* Build configuration list for PBXNativeTarget "PickerView" */;
			buildPhases = (
				3F4887BB1CC2525200D4E391 /* Sources */,
				3F4887BC1CC2525200D4E391 /* Frameworks */,
				3F4887BD1CC2525200D4E391 /* Resources */,
			);
			buildRules = (
			);
			dependencies = (
			);
			name = PickerView;
			productName = PickerView;
			productReference = 3F4887BF1CC2525200D4E391 /* PickerView.app */;
			productType = "com.apple.product-type.application";
		};
		3F4887D21CC2525200D4E391 /* PickerViewTests */ = {
			isa = PBXNativeTarget;
			buildConfigurationList = 3F4887EA1CC2525300D4E391 /* Build configuration list for PBXNativeTarget "PickerViewTests" */;
			buildPhases = (
				3F4887CF1CC2525200D4E391 /* Sources */,
				3F4887D01CC2525200D4E391 /* Frameworks */,
				3F4887D11CC2525200D4E391 /* Resources */,
			);
			buildRules = (
			);
			dependencies = (
				3F4887D51CC2525200D4E391 /* PBXTargetDependency */,
			);
			name = PickerViewTests;
			productName = PickerViewTests;
			productReference = 3F4887D31CC2525200D4E391 /* PickerViewTests.xctest */;
			productType = "com.apple.product-type.bundle.unit-test";
		};
		3F4887DD1CC2525200D4E391 /* PickerViewUITests */ = {
			isa = PBXNativeTarget;
			buildConfigurationList = 3F4887ED1CC2525300D4E391 /* Build configuration list for PBXNativeTarget "PickerViewUITests" */;
			buildPhases = (
				3F4887DA1CC2525200D4E391 /* Sources */,
				3F4887DB1CC2525200D4E391 /* Frameworks */,
				3F4887DC1CC2525200D4E391 /* Resources */,
			);
			buildRules = (
			);
			dependencies = (
				3F4887E01CC2525200D4E391 /* PBXTargetDependency */,
			);
			name = PickerViewUITests;
			productName = PickerViewUITests;
			productReference = 3F4887DE1CC2525200D4E391 /* PickerViewUITests.xctest */;
			productType = "com.apple.product-type.bundle.ui-testing";
		};
/* End PBXNativeTarget section */

/* Begin PBXProject section */
		3F4887B71CC2525200D4E391 /* Project object */ = {
			isa = PBXProject;
			attributes = {
				LastSwiftUpdateCheck = 0730;
				LastUpgradeCheck = 0730;
				ORGANIZATIONNAME = "ISS-SE24-MWAD";
				TargetAttributes = {
					3F4887BE1CC2525200D4E391 = {
						CreatedOnToolsVersion = 7.3;
					};
					3F4887D21CC2525200D4E391 = {
						CreatedOnToolsVersion = 7.3;
						TestTargetID = 3F4887BE1CC2525200D4E391;
					};
					3F4887DD1CC2525200D4E391 = {
						CreatedOnToolsVersion = 7.3;
						TestTargetID = 3F4887BE1CC2525200D4E391;
					};
				};
			};
			buildConfigurationList = 3F4887BA1CC2525200D4E391 /* Build configuration list for PBXProject "PickerView" */;
			compatibilityVersion = "Xcode 3.2";
			developmentRegion = English;
			hasScannedForEncodings = 0;
			knownRegions = (
				en,
				Base,
			);
			mainGroup = 3F4887B61CC2525200D4E391;
			productRefGroup = 3F4887C01CC2525200D4E391 /* Products */;
			projectDirPath = "";
			projectRoot = "";
			targets = (
				3F4887BE1CC2525200D4E391 /* PickerView */,
				3F4887D21CC2525200D4E391 /* PickerViewTests */,
				3F4887DD1CC2525200D4E391 /* PickerViewUITests */,
			);
		};
/* End PBXProject section */

/* Begin PBXResourcesBuildPhase section */
		3F4887BD1CC2525200D4E391 /* Resources */ = {
			isa = PBXResourcesBuildPhase;
			buildActionMask = 2147483647;
			files = (
				3F4887CD1CC2525200D4E391 /* LaunchScreen.storyboard in Resources */,
				3F4887CA1CC2525200D4E391 /* Assets.xcassets in Resources */,
				3F4887C81CC2525200D4E391 /* Main.storyboard in Resources */,
			);
			runOnlyForDeploymentPostprocessing = 0;
		};
		3F4887D11CC2525200D4E391 /* Resources */ = {
			isa = PBXResourcesBuildPhase;
			buildActionMask = 2147483647;
			files = (
			);
			runOnlyForDeploymentPostprocessing = 0;
		};
		3F4887DC1CC2525200D4E391 /* Resources */ = {
			isa = PBXResourcesBuildPhase;
			buildActionMask = 2147483647;
			files = (
			);
			runOnlyForDeploymentPostprocessing = 0;
		};
/* End PBXResourcesBuildPhase section */

/* Begin PBXSourcesBuildPhase section */
		3F4887BB1CC2525200D4E391 /* Sources */ = {
			isa = PBXSourcesBuildPhase;
			buildActionMask = 2147483647;
			files = (
				3F4887C51CC2525200D4E391 /* ViewController.swift in Sources */,
				3F4887C31CC2525200D4E391 /* AppDelegate.swift in Sources */,
			);
			runOnlyForDeploymentPostprocessing = 0;
		};
		3F4887CF1CC2525200D4E391 /* Sources */ = {
			isa = PBXSourcesBuildPhase;
			buildActionMask = 2147483647;
			files = (
				3F4887D81CC2525200D4E391 /* PickerViewTests.swift in Sources */,
			);
			runOnlyForDeploymentPostprocessing = 0;
		};
		3F4887DA1CC2525200D4E391 /* Sources */ = {
			isa = PBXSourcesBuildPhase;
			buildActionMask = 2147483647;
			files = (
				3F4887E31CC2525300D4E391 /* PickerViewUITests.swift in Sources */,
			);
			runOnlyForDeploymentPostprocessing = 0;
		};
/* End PBXSourcesBuildPhase section */

/* Begin PBXTargetDependency section */
		3F4887D51CC2525200D4E391 /* PBXTargetDependency */ = {
			isa = PBXTargetDependency;
			target = 3F4887BE1CC2525200D4E391 /* PickerView */;
			targetProxy = 3F4887D41CC2525200D4E391 /* PBXContainerItemProxy */;
		};
		3F4887E01CC2525200D4E391 /* PBXTargetDependency */ = {
			isa = PBXTargetDependency;
			target = 3F4887BE1CC2525200D4E391 /* PickerView */;
			targetProxy = 3F4887DF1CC2525200D4E391 /* PBXContainerItemProxy */;
		};
/* End PBXTargetDependency section */

/* Begin PBXVariantGroup section */
		3F4887C61CC2525200D4E391 /* Main.storyboard */ = {
			isa = PBXVariantGroup;
			children = (
				3F4887C71CC2525200D4E391 /* Base */,
			);
			name = Main.storyboard;
			sourceTree = "<group>";
		};
		3F4887CB1CC2525200D4E391 /* LaunchScreen.storyboard */ = {
			isa = PBXVariantGroup;
			children = (
				3F4887CC1CC2525200D4E391 /* Base */,
			);
			name = LaunchScreen.storyboard;
			sourceTree = "<group>";
		};
/* End PBXVariantGroup section */

/* Begin XCBuildConfiguration section */
		3F4887E51CC2525300D4E391 /* Debug */ = {
			isa = XCBuildConfiguration;
			buildSettings = {
				ALWAYS_SEARCH_USER_PATHS = NO;
				CLANG_ANALYZER_NONNULL = YES;
				CLANG_CXX_LANGUAGE_STANDARD = "gnu++0x";
				CLANG_CXX_LIBRARY = "libc++";
				CLANG_ENABLE_MODULES = YES;
				CLANG_ENABLE_OBJC_ARC = YES;
				CLANG_WARN_BOOL_CONVERSION = YES;
				CLANG_WARN_CONSTANT_CONVERSION = YES;
				CLANG_WARN_DIRECT_OBJC_ISA_USAGE = YES_ERROR;
				CLANG_WARN_EMPTY_BODY = YES;
				CLANG_WARN_ENUM_CONVERSION = YES;
				CLANG_WARN_INT_CONVERSION = YES;
				CLANG_WARN_OBJC_ROOT_CLASS = YES_ERROR;
				CLANG_WARN_UNREACHABLE_CODE = YES;
				CLANG_WARN__DUPLICATE_METHOD_MATCH = YES;
				"CODE_SIGN_IDENTITY[sdk=iphoneos*]" = "iPhone Developer";
				COPY_PHASE_STRIP = NO;
				DEBUG_INFORMATION_FORMAT = dwarf;
				ENABLE_STRICT_OBJC_MSGSEND = YES;
				ENABLE_TESTABILITY = YES;
				GCC_C_LANGUAGE_STANDARD = gnu99;
				GCC_DYNAMIC_NO_PIC = NO;
				GCC_NO_COMMON_BLOCKS = YES;
				GCC_OPTIMIZATION_LEVEL = 0;
				GCC_PREPROCESSOR_DEFINITIONS = (
					"DEBUG=1",
					"$(inherited)",
				);
				GCC_WARN_64_TO_32_BIT_CONVERSION = YES;
				GCC_WARN_ABOUT_RETURN_TYPE = YES_ERROR;
				GCC_WARN_UNDECLARED_SELECTOR = YES;
				GCC_WARN_UNINITIALIZED_AUTOS = YES_AGGRESSIVE;
				GCC_WARN_UNUSED_FUNCTION = YES;
				GCC_WARN_UNUSED_VARIABLE = YES;
				IPHONEOS_DEPLOYMENT_TARGET = 9.3;
				MTL_ENABLE_DEBUG_INFO = YES;
				ONLY_ACTIVE_ARCH = YES;
				SDKROOT = iphoneos;
				SWIFT_OPTIMIZATION_LEVEL = "-Onone";
			};
			name = Debug;
		};
		3F4887E61CC2525300D4E391 /* Release */ = {
			isa = XCBuildConfiguration;
			buildSettings = {
				ALWAYS_SEARCH_USER_PATHS = NO;
				CLANG_ANALYZER_NONNULL = YES;
				CLANG_CXX_LANGUAGE_STANDARD = "gnu++0x";
				CLANG_CXX_LIBRARY = "libc++";
				CLANG_ENABLE_MODULES = YES;
				CLANG_ENABLE_OBJC_ARC = YES;
				CLANG_WARN_BOOL_CONVERSION = YES;
				CLANG_WARN_CONSTANT_CONVERSION = YES;
				CLANG_WARN_DIRECT_OBJC_ISA_USAGE = YES_ERROR;
				CLANG_WARN_EMPTY_BODY = YES;
				CLANG_WARN_ENUM_CONVERSION = YES;
				CLANG_WARN_INT_CONVERSION = YES;
				CLANG_WARN_OBJC_ROOT_CLASS = YES_ERROR;
				CLANG_WARN_UNREACHABLE_CODE = YES;
				CLANG_WARN__DUPLICATE_METHOD_MATCH = YES;
				"CODE_SIGN_IDENTITY[sdk=iphoneos*]" = "iPhone Developer";
				COPY_PHASE_STRIP = NO;
				DEBUG_INFORMATION_FORMAT = "dwarf-with-dsym";
				ENABLE_NS_ASSERTIONS = NO;
				ENABLE_STRICT_OBJC_MSGSEND = YES;
				GCC_C_LANGUAGE_STANDARD = gnu99;
				GCC_NO_COMMON_BLOCKS = YES;
				GCC_WARN_64_TO_32_BIT_CONVERSION = YES;
				GCC_WARN_ABOUT_RETURN_TYPE = YES_ERROR;
				GCC_WARN_UNDECLARED_SELECTOR = YES;
				GCC_WARN_UNINITIALIZED_AUTOS = YES_AGGRESSIVE;
				GCC_WARN_UNUSED_FUNCTION = YES;
				GCC_WARN_UNUSED_VARIABLE = YES;
				IPHONEOS_DEPLOYMENT_TARGET = 9.3;
				MTL_ENABLE_DEBUG_INFO = NO;
				SDKROOT = iphoneos;
				VALIDATE_PRODUCT = YES;
			};
			name = Release;
		};
		3F4887E81CC2525300D4E391 /* Debug */ = {
			isa = XCBuildConfiguration;
			buildSettings = {
				ASSETCATALOG_COMPILER_APPICON_NAME = AppIcon;
				INFOPLIST_FILE = PickerView/Info.plist;
				LD_RUNPATH_SEARCH_PATHS = "$(inherited) @executable_path/Frameworks";
				PRODUCT_BUNDLE_IDENTIFIER = sg.edu.nus.iss.wlad.PickerView;
				PRODUCT_NAME = "$(TARGET_NAME)";
			};
			name = Debug;
		};
		3F4887E91CC2525300D4E391 /* Release */ = {
			isa = XCBuildConfiguration;
			buildSettings = {
				ASSETCATALOG_COMPILER_APPICON_NAME = AppIcon;
				INFOPLIST_FILE = PickerView/Info.plist;
				LD_RUNPATH_SEARCH_PATHS = "$(inherited) @executable_path/Frameworks";
				PRODUCT_BUNDLE_IDENTIFIER = sg.edu.nus.iss.wlad.PickerView;
				PRODUCT_NAME = "$(TARGET_NAME)";
			};
			name = Release;
		};
		3F4887EB1CC2525300D4E391 /* Debug */ = {
			isa = XCBuildConfiguration;
			buildSettings = {
				BUNDLE_LOADER = "$(TEST_HOST)";
				INFOPLIST_FILE = PickerViewTests/Info.plist;
				LD_RUNPATH_SEARCH_PATHS = "$(inherited) @executable_path/Frameworks @loader_path/Frameworks";
				PRODUCT_BUNDLE_IDENTIFIER = sg.edu.nus.iss.wlad.PickerViewTests;
				PRODUCT_NAME = "$(TARGET_NAME)";
				TEST_HOST = "$(BUILT_PRODUCTS_DIR)/PickerView.app/PickerView";
			};
			name = Debug;
		};
		3F4887EC1CC2525300D4E391 /* Release */ = {
			isa = XCBuildConfiguration;
			buildSettings = {
				BUNDLE_LOADER = "$(TEST_HOST)";
				INFOPLIST_FILE = PickerViewTests/Info.plist;
				LD_RUNPATH_SEARCH_PATHS = "$(inherited) @executable_path/Frameworks @loader_path/Frameworks";
				PRODUCT_BUNDLE_IDENTIFIER = sg.edu.nus.iss.wlad.PickerViewTests;
				PRODUCT_NAME = "$(TARGET_NAME)";
				TEST_HOST = "$(BUILT_PRODUCTS_DIR)/PickerView.app/PickerView";
			};
			name = Release;
		};
		3F4887EE1CC2525300D4E391 /* Debug */ = {
			isa = XCBuildConfiguration;
			buildSettings = {
				INFOPLIST_FILE = PickerViewUITests/Info.plist;
				LD_RUNPATH_SEARCH_PATHS = "$(inherited) @executable_path/Frameworks @loader_path/Frameworks";
				PRODUCT_BUNDLE_IDENTIFIER = sg.edu.nus.iss.wlad.PickerViewUITests;
				PRODUCT_NAME = "$(TARGET_NAME)";
				TEST_TARGET_NAME = PickerView;
			};
			name = Debug;
		};
		3F4887EF1CC2525300D4E391 /* Release */ = {
			isa = XCBuildConfiguration;
			buildSettings = {
				INFOPLIST_FILE = PickerViewUITests/Info.plist;
				LD_RUNPATH_SEARCH_PATHS = "$(inherited) @executable_path/Frameworks @loader_path/Frameworks";
				PRODUCT_BUNDLE_IDENTIFIER = sg.edu.nus.iss.wlad.PickerViewUITests;
				PRODUCT_NAME = "$(TARGET_NAME)";
				TEST_TARGET_NAME = PickerView;
			};
			name = Release;
		};
/* End XCBuildConfiguration section */

/* Begin XCConfigurationList section */
		3F4887BA1CC2525200D4E391 /* Build configuration list for PBXProject "PickerView" */ = {
			isa = XCConfigurationList;
			buildConfigurations = (
				3F4887E51CC2525300D4E391 /* Debug */,
				3F4887E61CC2525300D4E391 /* Release */,
			);
			defaultConfigurationIsVisible = 0;
			defaultConfigurationName = Release;
		};
		3F4887E71CC2525300D4E391 /* Build configuration list for PBXNativeTarget "PickerView" */ = {
			isa = XCConfigurationList;
			buildConfigurations = (
				3F4887E81CC2525300D4E391 /* Debug */,
				3F4887E91CC2525300D4E391 /* Release */,
			);
			defaultConfigurationIsVisible = 0;
		};
		3F4887EA1CC2525300D4E391 /* Build configuration list for PBXNativeTarget "PickerViewTests" */ = {
			isa = XCConfigurationList;
			buildConfigurations = (
				3F4887EB1CC2525300D4E391 /* Debug */,
				3F4887EC1CC2525300D4E391 /* Release */,
			);
			defaultConfigurationIsVisible = 0;
		};
		3F4887ED1CC2525300D4E391 /* Build configuration list for PBXNativeTarget "PickerViewUITests" */ = {
			isa = XCConfigurationList;
			buildConfigurations = (
				3F4887EE1CC2525300D4E391 /* Debug */,
				3F4887EF1CC2525300D4E391 /* Release */,
			);
			defaultConfigurationIsVisible = 0;
		};
/* End XCConfigurationList section */
	};
	rootObject = 3F4887B71CC2525200D4E391 /* Project object */;
}
