// !$*UTF8*$!
{
	archiveVersion = 1;
	classes = {
	};
	objectVersion = 46;
	objects = {

/* Begin PBXBuildFile section */
		3FDF54D41CB92AA0006AA1A5 /* AppDelegate.swift in Sources */ = {isa = PBXBuildFile; fileRef = 3FDF54D31CB92AA0006AA1A5 /* AppDelegate.swift */; };
		3FDF54D61CB92AA0006AA1A5 /* ViewController.swift in Sources */ = {isa = PBXBuildFile; fileRef = 3FDF54D51CB92AA0006AA1A5 /* ViewController.swift */; };
		3FDF54D91CB92AA0006AA1A5 /* Main.storyboard in Resources */ = {isa = PBXBuildFile; fileRef = 3FDF54D71CB92AA0006AA1A5 /* Main.storyboard */; };
		3FDF54DB1CB92AA0006AA1A5 /* Assets.xcassets in Resources */ = {isa = PBXBuildFile; fileRef = 3FDF54DA1CB92AA0006AA1A5 /* Assets.xcassets */; };
		3FDF54DE1CB92AA0006AA1A5 /* LaunchScreen.storyboard in Resources */ = {isa = PBXBuildFile; fileRef = 3FDF54DC1CB92AA0006AA1A5 /* LaunchScreen.storyboard */; };
		3FDF54E91CB92AA0006AA1A5 /* HelloworldTests.swift in Sources */ = {isa = PBXBuildFile; fileRef = 3FDF54E81CB92AA0006AA1A5 /* HelloworldTests.swift */; };
		3FDF54F41CB92AA0006AA1A5 /* HelloworldUITests.swift in Sources */ = {isa = PBXBuildFile; fileRef = 3FDF54F31CB92AA0006AA1A5 /* HelloworldUITests.swift */; };
		3FDF55021CB93D95006AA1A5 /* VireController.xib in Resources */ = {isa = PBXBuildFile; fileRef = 3FDF55011CB93D95006AA1A5 /* VireController.xib */; };
/* End PBXBuildFile section */

/* Begin PBXContainerItemProxy section */
		3FDF54E51CB92AA0006AA1A5 /* PBXContainerItemProxy */ = {
			isa = PBXContainerItemProxy;
			containerPortal = 3FDF54C81CB92AA0006AA1A5 /* Project object */;
			proxyType = 1;
			remoteGlobalIDString = 3FDF54CF1CB92AA0006AA1A5;
			remoteInfo = Helloworld;
		};
		3FDF54F01CB92AA0006AA1A5 /* PBXContainerItemProxy */ = {
			isa = PBXContainerItemProxy;
			containerPortal = 3FDF54C81CB92AA0006AA1A5 /* Project object */;
			proxyType = 1;
			remoteGlobalIDString = 3FDF54CF1CB92AA0006AA1A5;
			remoteInfo = Helloworld;
		};
/* End PBXContainerItemProxy section */

/* Begin PBXFileReference section */
		3FDF54D01CB92AA0006AA1A5 /* Helloworld.app */ = {isa = PBXFileReference; explicitFileType = wrapper.application; includeInIndex = 0; path = Helloworld.app; sourceTree = BUILT_PRODUCTS_DIR; };
		3FDF54D31CB92AA0006AA1A5 /* AppDelegate.swift */ = {isa = PBXFileReference; lastKnownFileType = sourcecode.swift; path = AppDelegate.swift; sourceTree = "<group>"; };
		3FDF54D51CB92AA0006AA1A5 /* ViewController.swift */ = {isa = PBXFileReference; lastKnownFileType = sourcecode.swift; path = ViewController.swift; sourceTree = "<group>"; };
		3FDF54D81CB92AA0006AA1A5 /* Base */ = {isa = PBXFileReference; lastKnownFileType = file.storyboard; name = Base; path = Base.lproj/Main.storyboard; sourceTree = "<group>"; };
		3FDF54DA1CB92AA0006AA1A5 /* Assets.xcassets */ = {isa = PBXFileReference; lastKnownFileType = folder.assetcatalog; path = Assets.xcassets; sourceTree = "<group>"; };
		3FDF54DD1CB92AA0006AA1A5 /* Base */ = {isa = PBXFileReference; lastKnownFileType = file.storyboard; name = Base; path = Base.lproj/LaunchScreen.storyboard; sourceTree = "<group>"; };
		3FDF54DF1CB92AA0006AA1A5 /* Info.plist */ = {isa = PBXFileReference; lastKnownFileType = text.plist.xml; path = Info.plist; sourceTree = "<group>"; };
		3FDF54E41CB92AA0006AA1A5 /* HelloworldTests.xctest */ = {isa = PBXFileReference; explicitFileType = wrapper.cfbundle; includeInIndex = 0; path = HelloworldTests.xctest; sourceTree = BUILT_PRODUCTS_DIR; };
		3FDF54E81CB92AA0006AA1A5 /* HelloworldTests.swift */ = {isa = PBXFileReference; lastKnownFileType = sourcecode.swift; path = HelloworldTests.swift; sourceTree = "<group>"; };
		3FDF54EA1CB92AA0006AA1A5 /* Info.plist */ = {isa = PBXFileReference; lastKnownFileType = text.plist.xml; path = Info.plist; sourceTree = "<group>"; };
		3FDF54EF1CB92AA0006AA1A5 /* HelloworldUITests.xctest */ = {isa = PBXFileReference; explicitFileType = wrapper.cfbundle; includeInIndex = 0; path = HelloworldUITests.xctest; sourceTree = BUILT_PRODUCTS_DIR; };
		3FDF54F31CB92AA0006AA1A5 /* HelloworldUITests.swift */ = {isa = PBXFileReference; lastKnownFileType = sourcecode.swift; path = HelloworldUITests.swift; sourceTree = "<group>"; };
		3FDF54F51CB92AA0006AA1A5 /* Info.plist */ = {isa = PBXFileReference; lastKnownFileType = text.plist.xml; path = Info.plist; sourceTree = "<group>"; };
		3FDF55011CB93D95006AA1A5 /* VireController.xib */ = {isa = PBXFileReference; fileEncoding = 4; lastKnownFileType = file.xib; path = VireController.xib; sourceTree = "<group>"; };
/* End PBXFileReference section */

/* Begin PBXFrameworksBuildPhase section */
		3FDF54CD1CB92AA0006AA1A5 /* Frameworks */ = {
			isa = PBXFrameworksBuildPhase;
			buildActionMask = 2147483647;
			files = (
			);
			runOnlyForDeploymentPostprocessing = 0;
		};
		3FDF54E11CB92AA0006AA1A5 /* Frameworks */ = {
			isa = PBXFrameworksBuildPhase;
			buildActionMask = 2147483647;
			files = (
			);
			runOnlyForDeploymentPostprocessing = 0;
		};
		3FDF54EC1CB92AA0006AA1A5 /* Frameworks */ = {
			isa = PBXFrameworksBuildPhase;
			buildActionMask = 2147483647;
			files = (
			);
			runOnlyForDeploymentPostprocessing = 0;
		};
/* End PBXFrameworksBuildPhase section */

/* Begin PBXGroup section */
		3FDF54C71CB92AA0006AA1A5 = {
			isa = PBXGroup;
			children = (
				3FDF54D21CB92AA0006AA1A5 /* Helloworld */,
				3FDF54E71CB92AA0006AA1A5 /* HelloworldTests */,
				3FDF54F21CB92AA0006AA1A5 /* HelloworldUITests */,
				3FDF54D11CB92AA0006AA1A5 /* Products */,
			);
			sourceTree = "<group>";
		};
		3FDF54D11CB92AA0006AA1A5 /* Products */ = {
			isa = PBXGroup;
			children = (
				3FDF54D01CB92AA0006AA1A5 /* Helloworld.app */,
				3FDF54E41CB92AA0006AA1A5 /* HelloworldTests.xctest */,
				3FDF54EF1CB92AA0006AA1A5 /* HelloworldUITests.xctest */,
			);
			name = Products;
			sourceTree = "<group>";
		};
		3FDF54D21CB92AA0006AA1A5 /* Helloworld */ = {
			isa = PBXGroup;
			children = (
				3FDF54D31CB92AA0006AA1A5 /* AppDelegate.swift */,
				3FDF54D51CB92AA0006AA1A5 /* ViewController.swift */,
				3FDF54D71CB92AA0006AA1A5 /* Main.storyboard */,
				3FDF55011CB93D95006AA1A5 /* VireController.xib */,
				3FDF54DA1CB92AA0006AA1A5 /* Assets.xcassets */,
				3FDF54DC1CB92AA0006AA1A5 /* LaunchScreen.storyboard */,
				3FDF54DF1CB92AA0006AA1A5 /* Info.plist */,
			);
			path = Helloworld;
			sourceTree = "<group>";
		};
		3FDF54E71CB92AA0006AA1A5 /* HelloworldTests */ = {
			isa = PBXGroup;
			children = (
				3FDF54E81CB92AA0006AA1A5 /* HelloworldTests.swift */,
				3FDF54EA1CB92AA0006AA1A5 /* Info.plist */,
			);
			path = HelloworldTests;
			sourceTree = "<group>";
		};
		3FDF54F21CB92AA0006AA1A5 /* HelloworldUITests */ = {
			isa = PBXGroup;
			children = (
				3FDF54F31CB92AA0006AA1A5 /* HelloworldUITests.swift */,
				3FDF54F51CB92AA0006AA1A5 /* Info.plist */,
			);
			path = HelloworldUITests;
			sourceTree = "<group>";
		};
/* End PBXGroup section */

/* Begin PBXNativeTarget section */
		3FDF54CF1CB92AA0006AA1A5 /* Helloworld */ = {
			isa = PBXNativeTarget;
			buildConfigurationList = 3FDF54F81CB92AA0006AA1A5 /* Build configuration list for PBXNativeTarget "Helloworld" */;
			buildPhases = (
				3FDF54CC1CB92AA0006AA1A5 /* Sources */,
				3FDF54CD1CB92AA0006AA1A5 /* Frameworks */,
				3FDF54CE1CB92AA0006AA1A5 /* Resources */,
			);
			buildRules = (
			);
			dependencies = (
			);
			name = Helloworld;
			productName = Helloworld;
			productReference = 3FDF54D01CB92AA0006AA1A5 /* Helloworld.app */;
			productType = "com.apple.product-type.application";
		};
		3FDF54E31CB92AA0006AA1A5 /* HelloworldTests */ = {
			isa = PBXNativeTarget;
			buildConfigurationList = 3FDF54FB1CB92AA0006AA1A5 /* Build configuration list for PBXNativeTarget "HelloworldTests" */;
			buildPhases = (
				3FDF54E01CB92AA0006AA1A5 /* Sources */,
				3FDF54E11CB92AA0006AA1A5 /* Frameworks */,
				3FDF54E21CB92AA0006AA1A5 /* Resources */,
			);
			buildRules = (
			);
			dependencies = (
				3FDF54E61CB92AA0006AA1A5 /* PBXTargetDependency */,
			);
			name = HelloworldTests;
			productName = HelloworldTests;
			productReference = 3FDF54E41CB92AA0006AA1A5 /* HelloworldTests.xctest */;
			productType = "com.apple.product-type.bundle.unit-test";
		};
		3FDF54EE1CB92AA0006AA1A5 /* HelloworldUITests */ = {
			isa = PBXNativeTarget;
			buildConfigurationList = 3FDF54FE1CB92AA0006AA1A5 /* Build configuration list for PBXNativeTarget "HelloworldUITests" */;
			buildPhases = (
				3FDF54EB1CB92AA0006AA1A5 /* Sources */,
				3FDF54EC1CB92AA0006AA1A5 /* Frameworks */,
				3FDF54ED1CB92AA0006AA1A5 /* Resources */,
			);
			buildRules = (
			);
			dependencies = (
				3FDF54F11CB92AA0006AA1A5 /* PBXTargetDependency */,
			);
			name = HelloworldUITests;
			productName = HelloworldUITests;
			productReference = 3FDF54EF1CB92AA0006AA1A5 /* HelloworldUITests.xctest */;
			productType = "com.apple.product-type.bundle.ui-testing";
		};
/* End PBXNativeTarget section */

/* Begin PBXProject section */
		3FDF54C81CB92AA0006AA1A5 /* Project object */ = {
			isa = PBXProject;
			attributes = {
				LastSwiftUpdateCheck = 0730;
				LastUpgradeCheck = 0730;
				ORGANIZATIONNAME = student;
				TargetAttributes = {
					3FDF54CF1CB92AA0006AA1A5 = {
						CreatedOnToolsVersion = 7.3;
					};
					3FDF54E31CB92AA0006AA1A5 = {
						CreatedOnToolsVersion = 7.3;
						TestTargetID = 3FDF54CF1CB92AA0006AA1A5;
					};
					3FDF54EE1CB92AA0006AA1A5 = {
						CreatedOnToolsVersion = 7.3;
						TestTargetID = 3FDF54CF1CB92AA0006AA1A5;
					};
				};
			};
			buildConfigurationList = 3FDF54CB1CB92AA0006AA1A5 /* Build configuration list for PBXProject "Helloworld" */;
			compatibilityVersion = "Xcode 3.2";
			developmentRegion = English;
			hasScannedForEncodings = 0;
			knownRegions = (
				en,
				Base,
			);
			mainGroup = 3FDF54C71CB92AA0006AA1A5;
			productRefGroup = 3FDF54D11CB92AA0006AA1A5 /* Products */;
			projectDirPath = "";
			projectRoot = "";
			targets = (
				3FDF54CF1CB92AA0006AA1A5 /* Helloworld */,
				3FDF54E31CB92AA0006AA1A5 /* HelloworldTests */,
				3FDF54EE1CB92AA0006AA1A5 /* HelloworldUITests */,
			);
		};
/* End PBXProject section */

/* Begin PBXResourcesBuildPhase section */
		3FDF54CE1CB92AA0006AA1A5 /* Resources */ = {
			isa = PBXResourcesBuildPhase;
			buildActionMask = 2147483647;
			files = (
				3FDF54DE1CB92AA0006AA1A5 /* LaunchScreen.storyboard in Resources */,
				3FDF55021CB93D95006AA1A5 /* VireController.xib in Resources */,
				3FDF54DB1CB92AA0006AA1A5 /* Assets.xcassets in Resources */,
				3FDF54D91CB92AA0006AA1A5 /* Main.storyboard in Resources */,
			);
			runOnlyForDeploymentPostprocessing = 0;
		};
		3FDF54E21CB92AA0006AA1A5 /* Resources */ = {
			isa = PBXResourcesBuildPhase;
			buildActionMask = 2147483647;
			files = (
			);
			runOnlyForDeploymentPostprocessing = 0;
		};
		3FDF54ED1CB92AA0006AA1A5 /* Resources */ = {
			isa = PBXResourcesBuildPhase;
			buildActionMask = 2147483647;
			files = (
			);
			runOnlyForDeploymentPostprocessing = 0;
		};
/* End PBXResourcesBuildPhase section */

/* Begin PBXSourcesBuildPhase section */
		3FDF54CC1CB92AA0006AA1A5 /* Sources */ = {
			isa = PBXSourcesBuildPhase;
			buildActionMask = 2147483647;
			files = (
				3FDF54D61CB92AA0006AA1A5 /* ViewController.swift in Sources */,
				3FDF54D41CB92AA0006AA1A5 /* AppDelegate.swift in Sources */,
			);
			runOnlyForDeploymentPostprocessing = 0;
		};
		3FDF54E01CB92AA0006AA1A5 /* Sources */ = {
			isa = PBXSourcesBuildPhase;
			buildActionMask = 2147483647;
			files = (
				3FDF54E91CB92AA0006AA1A5 /* HelloworldTests.swift in Sources */,
			);
			runOnlyForDeploymentPostprocessing = 0;
		};
		3FDF54EB1CB92AA0006AA1A5 /* Sources */ = {
			isa = PBXSourcesBuildPhase;
			buildActionMask = 2147483647;
			files = (
				3FDF54F41CB92AA0006AA1A5 /* HelloworldUITests.swift in Sources */,
			);
			runOnlyForDeploymentPostprocessing = 0;
		};
/* End PBXSourcesBuildPhase section */

/* Begin PBXTargetDependency section */
		3FDF54E61CB92AA0006AA1A5 /* PBXTargetDependency */ = {
			isa = PBXTargetDependency;
			target = 3FDF54CF1CB92AA0006AA1A5 /* Helloworld */;
			targetProxy = 3FDF54E51CB92AA0006AA1A5 /* PBXContainerItemProxy */;
		};
		3FDF54F11CB92AA0006AA1A5 /* PBXTargetDependency */ = {
			isa = PBXTargetDependency;
			target = 3FDF54CF1CB92AA0006AA1A5 /* Helloworld */;
			targetProxy = 3FDF54F01CB92AA0006AA1A5 /* PBXContainerItemProxy */;
		};
/* End PBXTargetDependency section */

/* Begin PBXVariantGroup section */
		3FDF54D71CB92AA0006AA1A5 /* Main.storyboard */ = {
			isa = PBXVariantGroup;
			children = (
				3FDF54D81CB92AA0006AA1A5 /* Base */,
			);
			name = Main.storyboard;
			sourceTree = "<group>";
		};
		3FDF54DC1CB92AA0006AA1A5 /* LaunchScreen.storyboard */ = {
			isa = PBXVariantGroup;
			children = (
				3FDF54DD1CB92AA0006AA1A5 /* Base */,
			);
			name = LaunchScreen.storyboard;
			sourceTree = "<group>";
		};
/* End PBXVariantGroup section */

/* Begin XCBuildConfiguration section */
		3FDF54F61CB92AA0006AA1A5 /* Debug */ = {
			isa = XCBuildConfiguration;
			buildSettings = {
				ALWAYS_SEARCH_USER_PATHS = NO;
				CLANG_ANALYZER_NONNULL = YES;
				CLANG_CXX_LANGUAGE_STANDARD = "gnu++0x";
				CLANG_CXX_LIBRARY = "libc++";
				CLANG_ENABLE_MODULES = YES;
				CLANG_ENABLE_OBJC_ARC = YES;
				CLANG_WARN_BOOL_CONVERSION = YES;
				CLANG_WARN_CONSTANT_CONVERSION = YES;
				CLANG_WARN_DIRECT_OBJC_ISA_USAGE = YES_ERROR;
				CLANG_WARN_EMPTY_BODY = YES;
				CLANG_WARN_ENUM_CONVERSION = YES;
				CLANG_WARN_INT_CONVERSION = YES;
				CLANG_WARN_OBJC_ROOT_CLASS = YES_ERROR;
				CLANG_WARN_UNREACHABLE_CODE = YES;
				CLANG_WARN__DUPLICATE_METHOD_MATCH = YES;
				"CODE_SIGN_IDENTITY[sdk=iphoneos*]" = "iPhone Developer";
				COPY_PHASE_STRIP = NO;
				DEBUG_INFORMATION_FORMAT = dwarf;
				ENABLE_STRICT_OBJC_MSGSEND = YES;
				ENABLE_TESTABILITY = YES;
				GCC_C_LANGUAGE_STANDARD = gnu99;
				GCC_DYNAMIC_NO_PIC = NO;
				GCC_NO_COMMON_BLOCKS = YES;
				GCC_OPTIMIZATION_LEVEL = 0;
				GCC_PREPROCESSOR_DEFINITIONS = (
					"DEBUG=1",
					"$(inherited)",
				);
				GCC_WARN_64_TO_32_BIT_CONVERSION = YES;
				GCC_WARN_ABOUT_RETURN_TYPE = YES_ERROR;
				GCC_WARN_UNDECLARED_SELECTOR = YES;
				GCC_WARN_UNINITIALIZED_AUTOS = YES_AGGRESSIVE;
				GCC_WARN_UNUSED_FUNCTION = YES;
				GCC_WARN_UNUSED_VARIABLE = YES;
				IPHONEOS_DEPLOYMENT_TARGET = 9.3;
				MTL_ENABLE_DEBUG_INFO = YES;
				ONLY_ACTIVE_ARCH = YES;
				SDKROOT = iphoneos;
				SWIFT_OPTIMIZATION_LEVEL = "-Onone";
			};
			name = Debug;
		};
		3FDF54F71CB92AA0006AA1A5 /* Release */ = {
			isa = XCBuildConfiguration;
			buildSettings = {
				ALWAYS_SEARCH_USER_PATHS = NO;
				CLANG_ANALYZER_NONNULL = YES;
				CLANG_CXX_LANGUAGE_STANDARD = "gnu++0x";
				CLANG_CXX_LIBRARY = "libc++";
				CLANG_ENABLE_MODULES = YES;
				CLANG_ENABLE_OBJC_ARC = YES;
				CLANG_WARN_BOOL_CONVERSION = YES;
				CLANG_WARN_CONSTANT_CONVERSION = YES;
				CLANG_WARN_DIRECT_OBJC_ISA_USAGE = YES_ERROR;
				CLANG_WARN_EMPTY_BODY = YES;
				CLANG_WARN_ENUM_CONVERSION = YES;
				CLANG_WARN_INT_CONVERSION = YES;
				CLANG_WARN_OBJC_ROOT_CLASS = YES_ERROR;
				CLANG_WARN_UNREACHABLE_CODE = YES;
				CLANG_WARN__DUPLICATE_METHOD_MATCH = YES;
				"CODE_SIGN_IDENTITY[sdk=iphoneos*]" = "iPhone Developer";
				COPY_PHASE_STRIP = NO;
				DEBUG_INFORMATION_FORMAT = "dwarf-with-dsym";
				ENABLE_NS_ASSERTIONS = NO;
				ENABLE_STRICT_OBJC_MSGSEND = YES;
				GCC_C_LANGUAGE_STANDARD = gnu99;
				GCC_NO_COMMON_BLOCKS = YES;
				GCC_WARN_64_TO_32_BIT_CONVERSION = YES;
				GCC_WARN_ABOUT_RETURN_TYPE = YES_ERROR;
				GCC_WARN_UNDECLARED_SELECTOR = YES;
				GCC_WARN_UNINITIALIZED_AUTOS = YES_AGGRESSIVE;
				GCC_WARN_UNUSED_FUNCTION = YES;
				GCC_WARN_UNUSED_VARIABLE = YES;
				IPHONEOS_DEPLOYMENT_TARGET = 9.3;
				MTL_ENABLE_DEBUG_INFO = NO;
				SDKROOT = iphoneos;
				VALIDATE_PRODUCT = YES;
			};
			name = Release;
		};
		3FDF54F91CB92AA0006AA1A5 /* Debug */ = {
			isa = XCBuildConfiguration;
			buildSettings = {
				ASSETCATALOG_COMPILER_APPICON_NAME = AppIcon;
				INFOPLIST_FILE = Helloworld/Info.plist;
				LD_RUNPATH_SEARCH_PATHS = "$(inherited) @executable_path/Frameworks";
				PRODUCT_BUNDLE_IDENTIFIER = sg.edu.nus.iss.se16quxin.Helloworld;
				PRODUCT_NAME = "$(TARGET_NAME)";
			};
			name = Debug;
		};
		3FDF54FA1CB92AA0006AA1A5 /* Release */ = {
			isa = XCBuildConfiguration;
			buildSettings = {
				ASSETCATALOG_COMPILER_APPICON_NAME = AppIcon;
				INFOPLIST_FILE = Helloworld/Info.plist;
				LD_RUNPATH_SEARCH_PATHS = "$(inherited) @executable_path/Frameworks";
				PRODUCT_BUNDLE_IDENTIFIER = sg.edu.nus.iss.se16quxin.Helloworld;
				PRODUCT_NAME = "$(TARGET_NAME)";
			};
			name = Release;
		};
		3FDF54FC1CB92AA0006AA1A5 /* Debug */ = {
			isa = XCBuildConfiguration;
			buildSettings = {
				BUNDLE_LOADER = "$(TEST_HOST)";
				INFOPLIST_FILE = HelloworldTests/Info.plist;
				LD_RUNPATH_SEARCH_PATHS = "$(inherited) @executable_path/Frameworks @loader_path/Frameworks";
				PRODUCT_BUNDLE_IDENTIFIER = sg.edu.nus.iss.se16quxin.HelloworldTests;
				PRODUCT_NAME = "$(TARGET_NAME)";
				TEST_HOST = "$(BUILT_PRODUCTS_DIR)/Helloworld.app/Helloworld";
			};
			name = Debug;
		};
		3FDF54FD1CB92AA0006AA1A5 /* Release */ = {
			isa = XCBuildConfiguration;
			buildSettings = {
				BUNDLE_LOADER = "$(TEST_HOST)";
				INFOPLIST_FILE = HelloworldTests/Info.plist;
				LD_RUNPATH_SEARCH_PATHS = "$(inherited) @executable_path/Frameworks @loader_path/Frameworks";
				PRODUCT_BUNDLE_IDENTIFIER = sg.edu.nus.iss.se16quxin.HelloworldTests;
				PRODUCT_NAME = "$(TARGET_NAME)";
				TEST_HOST = "$(BUILT_PRODUCTS_DIR)/Helloworld.app/Helloworld";
			};
			name = Release;
		};
		3FDF54FF1CB92AA0006AA1A5 /* Debug */ = {
			isa = XCBuildConfiguration;
			buildSettings = {
				INFOPLIST_FILE = HelloworldUITests/Info.plist;
				LD_RUNPATH_SEARCH_PATHS = "$(inherited) @executable_path/Frameworks @loader_path/Frameworks";
				PRODUCT_BUNDLE_IDENTIFIER = sg.edu.nus.iss.se16quxin.HelloworldUITests;
				PRODUCT_NAME = "$(TARGET_NAME)";
				TEST_TARGET_NAME = Helloworld;
			};
			name = Debug;
		};
		3FDF55001CB92AA0006AA1A5 /* Release */ = {
			isa = XCBuildConfiguration;
			buildSettings = {
				INFOPLIST_FILE = HelloworldUITests/Info.plist;
				LD_RUNPATH_SEARCH_PATHS = "$(inherited) @executable_path/Frameworks @loader_path/Frameworks";
				PRODUCT_BUNDLE_IDENTIFIER = sg.edu.nus.iss.se16quxin.HelloworldUITests;
				PRODUCT_NAME = "$(TARGET_NAME)";
				TEST_TARGET_NAME = Helloworld;
			};
			name = Release;
		};
/* End XCBuildConfiguration section */

/* Begin XCConfigurationList section */
		3FDF54CB1CB92AA0006AA1A5 /* Build configuration list for PBXProject "Helloworld" */ = {
			isa = XCConfigurationList;
			buildConfigurations = (
				3FDF54F61CB92AA0006AA1A5 /* Debug */,
				3FDF54F71CB92AA0006AA1A5 /* Release */,
			);
			defaultConfigurationIsVisible = 0;
			defaultConfigurationName = Release;
		};
		3FDF54F81CB92AA0006AA1A5 /* Build configuration list for PBXNativeTarget "Helloworld" */ = {
			isa = XCConfigurationList;
			buildConfigurations = (
				3FDF54F91CB92AA0006AA1A5 /* Debug */,
				3FDF54FA1CB92AA0006AA1A5 /* Release */,
			);
			defaultConfigurationIsVisible = 0;
		};
		3FDF54FB1CB92AA0006AA1A5 /* Build configuration list for PBXNativeTarget "HelloworldTests" */ = {
			isa = XCConfigurationList;
			buildConfigurations = (
				3FDF54FC1CB92AA0006AA1A5 /* Debug */,
				3FDF54FD1CB92AA0006AA1A5 /* Release */,
			);
			defaultConfigurationIsVisible = 0;
		};
		3FDF54FE1CB92AA0006AA1A5 /* Build configuration list for PBXNativeTarget "HelloworldUITests" */ = {
			isa = XCConfigurationList;
			buildConfigurations = (
				3FDF54FF1CB92AA0006AA1A5 /* Debug */,
				3FDF55001CB92AA0006AA1A5 /* Release */,
			);
			defaultConfigurationIsVisible = 0;
		};
/* End XCConfigurationList section */
	};
	rootObject = 3FDF54C81CB92AA0006AA1A5 /* Project object */;
}
