// !$*UTF8*$!
{
	archiveVersion = 1;
	classes = {
	};
	objectVersion = 46;
	objects = {

/* Begin PBXBuildFile section */
		54FCEAC91CC50C1C001DF8FC /* AppDelegate.swift in Sources */ = {isa = PBXBuildFile; fileRef = 54FCEAC81CC50C1C001DF8FC /* AppDelegate.swift */; };
		54FCEACB1CC50C1C001DF8FC /* ViewController.swift in Sources */ = {isa = PBXBuildFile; fileRef = 54FCEACA1CC50C1C001DF8FC /* ViewController.swift */; };
		54FCEACE1CC50C1C001DF8FC /* Main.storyboard in Resources */ = {isa = PBXBuildFile; fileRef = 54FCEACC1CC50C1C001DF8FC /* Main.storyboard */; };
		54FCEAD01CC50C1C001DF8FC /* Assets.xcassets in Resources */ = {isa = PBXBuildFile; fileRef = 54FCEACF1CC50C1C001DF8FC /* Assets.xcassets */; };
		54FCEAD31CC50C1C001DF8FC /* LaunchScreen.storyboard in Resources */ = {isa = PBXBuildFile; fileRef = 54FCEAD11CC50C1C001DF8FC /* LaunchScreen.storyboard */; };
		54FCEADE1CC50C1C001DF8FC /* SupportTests.swift in Sources */ = {isa = PBXBuildFile; fileRef = 54FCEADD1CC50C1C001DF8FC /* SupportTests.swift */; };
		54FCEAE91CC50C1C001DF8FC /* SupportUITests.swift in Sources */ = {isa = PBXBuildFile; fileRef = 54FCEAE81CC50C1C001DF8FC /* SupportUITests.swift */; };
		54FCEAF71CC50E9B001DF8FC /* MessageUI.framework in Frameworks */ = {isa = PBXBuildFile; fileRef = 54FCEAF61CC50E9B001DF8FC /* MessageUI.framework */; };
/* End PBXBuildFile section */

/* Begin PBXContainerItemProxy section */
		54FCEADA1CC50C1C001DF8FC /* PBXContainerItemProxy */ = {
			isa = PBXContainerItemProxy;
			containerPortal = 54FCEABD1CC50C1C001DF8FC /* Project object */;
			proxyType = 1;
			remoteGlobalIDString = 54FCEAC41CC50C1C001DF8FC;
			remoteInfo = Support;
		};
		54FCEAE51CC50C1C001DF8FC /* PBXContainerItemProxy */ = {
			isa = PBXContainerItemProxy;
			containerPortal = 54FCEABD1CC50C1C001DF8FC /* Project object */;
			proxyType = 1;
			remoteGlobalIDString = 54FCEAC41CC50C1C001DF8FC;
			remoteInfo = Support;
		};
/* End PBXContainerItemProxy section */

/* Begin PBXFileReference section */
		54FCEAC51CC50C1C001DF8FC /* Support.app */ = {isa = PBXFileReference; explicitFileType = wrapper.application; includeInIndex = 0; path = Support.app; sourceTree = BUILT_PRODUCTS_DIR; };
		54FCEAC81CC50C1C001DF8FC /* AppDelegate.swift */ = {isa = PBXFileReference; lastKnownFileType = sourcecode.swift; path = AppDelegate.swift; sourceTree = "<group>"; };
		54FCEACA1CC50C1C001DF8FC /* ViewController.swift */ = {isa = PBXFileReference; lastKnownFileType = sourcecode.swift; path = ViewController.swift; sourceTree = "<group>"; };
		54FCEACD1CC50C1C001DF8FC /* Base */ = {isa = PBXFileReference; lastKnownFileType = file.storyboard; name = Base; path = Base.lproj/Main.storyboard; sourceTree = "<group>"; };
		54FCEACF1CC50C1C001DF8FC /* Assets.xcassets */ = {isa = PBXFileReference; lastKnownFileType = folder.assetcatalog; path = Assets.xcassets; sourceTree = "<group>"; };
		54FCEAD21CC50C1C001DF8FC /* Base */ = {isa = PBXFileReference; lastKnownFileType = file.storyboard; name = Base; path = Base.lproj/LaunchScreen.storyboard; sourceTree = "<group>"; };
		54FCEAD41CC50C1C001DF8FC /* Info.plist */ = {isa = PBXFileReference; lastKnownFileType = text.plist.xml; path = Info.plist; sourceTree = "<group>"; };
		54FCEAD91CC50C1C001DF8FC /* SupportTests.xctest */ = {isa = PBXFileReference; explicitFileType = wrapper.cfbundle; includeInIndex = 0; path = SupportTests.xctest; sourceTree = BUILT_PRODUCTS_DIR; };
		54FCEADD1CC50C1C001DF8FC /* SupportTests.swift */ = {isa = PBXFileReference; lastKnownFileType = sourcecode.swift; path = SupportTests.swift; sourceTree = "<group>"; };
		54FCEADF1CC50C1C001DF8FC /* Info.plist */ = {isa = PBXFileReference; lastKnownFileType = text.plist.xml; path = Info.plist; sourceTree = "<group>"; };
		54FCEAE41CC50C1C001DF8FC /* SupportUITests.xctest */ = {isa = PBXFileReference; explicitFileType = wrapper.cfbundle; includeInIndex = 0; path = SupportUITests.xctest; sourceTree = BUILT_PRODUCTS_DIR; };
		54FCEAE81CC50C1C001DF8FC /* SupportUITests.swift */ = {isa = PBXFileReference; lastKnownFileType = sourcecode.swift; path = SupportUITests.swift; sourceTree = "<group>"; };
		54FCEAEA1CC50C1C001DF8FC /* Info.plist */ = {isa = PBXFileReference; lastKnownFileType = text.plist.xml; path = Info.plist; sourceTree = "<group>"; };
		54FCEAF61CC50E9B001DF8FC /* MessageUI.framework */ = {isa = PBXFileReference; lastKnownFileType = wrapper.framework; name = MessageUI.framework; path = System/Library/Frameworks/MessageUI.framework; sourceTree = SDKROOT; };
/* End PBXFileReference section */

/* Begin PBXFrameworksBuildPhase section */
		54FCEAC21CC50C1C001DF8FC /* Frameworks */ = {
			isa = PBXFrameworksBuildPhase;
			buildActionMask = 2147483647;
			files = (
				54FCEAF71CC50E9B001DF8FC /* MessageUI.framework in Frameworks */,
			);
			runOnlyForDeploymentPostprocessing = 0;
		};
		54FCEAD61CC50C1C001DF8FC /* Frameworks */ = {
			isa = PBXFrameworksBuildPhase;
			buildActionMask = 2147483647;
			files = (
			);
			runOnlyForDeploymentPostprocessing = 0;
		};
		54FCEAE11CC50C1C001DF8FC /* Frameworks */ = {
			isa = PBXFrameworksBuildPhase;
			buildActionMask = 2147483647;
			files = (
			);
			runOnlyForDeploymentPostprocessing = 0;
		};
/* End PBXFrameworksBuildPhase section */

/* Begin PBXGroup section */
		54FCEABC1CC50C1C001DF8FC = {
			isa = PBXGroup;
			children = (
				54FCEAF61CC50E9B001DF8FC /* MessageUI.framework */,
				54FCEAC71CC50C1C001DF8FC /* Support */,
				54FCEADC1CC50C1C001DF8FC /* SupportTests */,
				54FCEAE71CC50C1C001DF8FC /* SupportUITests */,
				54FCEAC61CC50C1C001DF8FC /* Products */,
			);
			sourceTree = "<group>";
		};
		54FCEAC61CC50C1C001DF8FC /* Products */ = {
			isa = PBXGroup;
			children = (
				54FCEAC51CC50C1C001DF8FC /* Support.app */,
				54FCEAD91CC50C1C001DF8FC /* SupportTests.xctest */,
				54FCEAE41CC50C1C001DF8FC /* SupportUITests.xctest */,
			);
			name = Products;
			sourceTree = "<group>";
		};
		54FCEAC71CC50C1C001DF8FC /* Support */ = {
			isa = PBXGroup;
			children = (
				54FCEAC81CC50C1C001DF8FC /* AppDelegate.swift */,
				54FCEACA1CC50C1C001DF8FC /* ViewController.swift */,
				54FCEACC1CC50C1C001DF8FC /* Main.storyboard */,
				54FCEACF1CC50C1C001DF8FC /* Assets.xcassets */,
				54FCEAD11CC50C1C001DF8FC /* LaunchScreen.storyboard */,
				54FCEAD41CC50C1C001DF8FC /* Info.plist */,
			);
			path = Support;
			sourceTree = "<group>";
		};
		54FCEADC1CC50C1C001DF8FC /* SupportTests */ = {
			isa = PBXGroup;
			children = (
				54FCEADD1CC50C1C001DF8FC /* SupportTests.swift */,
				54FCEADF1CC50C1C001DF8FC /* Info.plist */,
			);
			path = SupportTests;
			sourceTree = "<group>";
		};
		54FCEAE71CC50C1C001DF8FC /* SupportUITests */ = {
			isa = PBXGroup;
			children = (
				54FCEAE81CC50C1C001DF8FC /* SupportUITests.swift */,
				54FCEAEA1CC50C1C001DF8FC /* Info.plist */,
			);
			path = SupportUITests;
			sourceTree = "<group>";
		};
/* End PBXGroup section */

/* Begin PBXNativeTarget section */
		54FCEAC41CC50C1C001DF8FC /* Support */ = {
			isa = PBXNativeTarget;
			buildConfigurationList = 54FCEAED1CC50C1C001DF8FC /* Build configuration list for PBXNativeTarget "Support" */;
			buildPhases = (
				54FCEAC11CC50C1C001DF8FC /* Sources */,
				54FCEAC21CC50C1C001DF8FC /* Frameworks */,
				54FCEAC31CC50C1C001DF8FC /* Resources */,
			);
			buildRules = (
			);
			dependencies = (
			);
			name = Support;
			productName = Support;
			productReference = 54FCEAC51CC50C1C001DF8FC /* Support.app */;
			productType = "com.apple.product-type.application";
		};
		54FCEAD81CC50C1C001DF8FC /* SupportTests */ = {
			isa = PBXNativeTarget;
			buildConfigurationList = 54FCEAF01CC50C1C001DF8FC /* Build configuration list for PBXNativeTarget "SupportTests" */;
			buildPhases = (
				54FCEAD51CC50C1C001DF8FC /* Sources */,
				54FCEAD61CC50C1C001DF8FC /* Frameworks */,
				54FCEAD71CC50C1C001DF8FC /* Resources */,
			);
			buildRules = (
			);
			dependencies = (
				54FCEADB1CC50C1C001DF8FC /* PBXTargetDependency */,
			);
			name = SupportTests;
			productName = SupportTests;
			productReference = 54FCEAD91CC50C1C001DF8FC /* SupportTests.xctest */;
			productType = "com.apple.product-type.bundle.unit-test";
		};
		54FCEAE31CC50C1C001DF8FC /* SupportUITests */ = {
			isa = PBXNativeTarget;
			buildConfigurationList = 54FCEAF31CC50C1C001DF8FC /* Build configuration list for PBXNativeTarget "SupportUITests" */;
			buildPhases = (
				54FCEAE01CC50C1C001DF8FC /* Sources */,
				54FCEAE11CC50C1C001DF8FC /* Frameworks */,
				54FCEAE21CC50C1C001DF8FC /* Resources */,
			);
			buildRules = (
			);
			dependencies = (
				54FCEAE61CC50C1C001DF8FC /* PBXTargetDependency */,
			);
			name = SupportUITests;
			productName = SupportUITests;
			productReference = 54FCEAE41CC50C1C001DF8FC /* SupportUITests.xctest */;
			productType = "com.apple.product-type.bundle.ui-testing";
		};
/* End PBXNativeTarget section */

/* Begin PBXProject section */
		54FCEABD1CC50C1C001DF8FC /* Project object */ = {
			isa = PBXProject;
			attributes = {
				LastSwiftUpdateCheck = 0730;
				LastUpgradeCheck = 0730;
				ORGANIZATIONNAME = Shin;
				TargetAttributes = {
					54FCEAC41CC50C1C001DF8FC = {
						CreatedOnToolsVersion = 7.3;
						DevelopmentTeam = 44CN3VD94H;
					};
					54FCEAD81CC50C1C001DF8FC = {
						CreatedOnToolsVersion = 7.3;
						TestTargetID = 54FCEAC41CC50C1C001DF8FC;
					};
					54FCEAE31CC50C1C001DF8FC = {
						CreatedOnToolsVersion = 7.3;
						TestTargetID = 54FCEAC41CC50C1C001DF8FC;
					};
				};
			};
			buildConfigurationList = 54FCEAC01CC50C1C001DF8FC /* Build configuration list for PBXProject "Support" */;
			compatibilityVersion = "Xcode 3.2";
			developmentRegion = English;
			hasScannedForEncodings = 0;
			knownRegions = (
				en,
				Base,
			);
			mainGroup = 54FCEABC1CC50C1C001DF8FC;
			productRefGroup = 54FCEAC61CC50C1C001DF8FC /* Products */;
			projectDirPath = "";
			projectRoot = "";
			targets = (
				54FCEAC41CC50C1C001DF8FC /* Support */,
				54FCEAD81CC50C1C001DF8FC /* SupportTests */,
				54FCEAE31CC50C1C001DF8FC /* SupportUITests */,
			);
		};
/* End PBXProject section */

/* Begin PBXResourcesBuildPhase section */
		54FCEAC31CC50C1C001DF8FC /* Resources */ = {
			isa = PBXResourcesBuildPhase;
			buildActionMask = 2147483647;
			files = (
				54FCEAD31CC50C1C001DF8FC /* LaunchScreen.storyboard in Resources */,
				54FCEAD01CC50C1C001DF8FC /* Assets.xcassets in Resources */,
				54FCEACE1CC50C1C001DF8FC /* Main.storyboard in Resources */,
			);
			runOnlyForDeploymentPostprocessing = 0;
		};
		54FCEAD71CC50C1C001DF8FC /* Resources */ = {
			isa = PBXResourcesBuildPhase;
			buildActionMask = 2147483647;
			files = (
			);
			runOnlyForDeploymentPostprocessing = 0;
		};
		54FCEAE21CC50C1C001DF8FC /* Resources */ = {
			isa = PBXResourcesBuildPhase;
			buildActionMask = 2147483647;
			files = (
			);
			runOnlyForDeploymentPostprocessing = 0;
		};
/* End PBXResourcesBuildPhase section */

/* Begin PBXSourcesBuildPhase section */
		54FCEAC11CC50C1C001DF8FC /* Sources */ = {
			isa = PBXSourcesBuildPhase;
			buildActionMask = 2147483647;
			files = (
				54FCEACB1CC50C1C001DF8FC /* ViewController.swift in Sources */,
				54FCEAC91CC50C1C001DF8FC /* AppDelegate.swift in Sources */,
			);
			runOnlyForDeploymentPostprocessing = 0;
		};
		54FCEAD51CC50C1C001DF8FC /* Sources */ = {
			isa = PBXSourcesBuildPhase;
			buildActionMask = 2147483647;
			files = (
				54FCEADE1CC50C1C001DF8FC /* SupportTests.swift in Sources */,
			);
			runOnlyForDeploymentPostprocessing = 0;
		};
		54FCEAE01CC50C1C001DF8FC /* Sources */ = {
			isa = PBXSourcesBuildPhase;
			buildActionMask = 2147483647;
			files = (
				54FCEAE91CC50C1C001DF8FC /* SupportUITests.swift in Sources */,
			);
			runOnlyForDeploymentPostprocessing = 0;
		};
/* End PBXSourcesBuildPhase section */

/* Begin PBXTargetDependency section */
		54FCEADB1CC50C1C001DF8FC /* PBXTargetDependency */ = {
			isa = PBXTargetDependency;
			target = 54FCEAC41CC50C1C001DF8FC /* Support */;
			targetProxy = 54FCEADA1CC50C1C001DF8FC /* PBXContainerItemProxy */;
		};
		54FCEAE61CC50C1C001DF8FC /* PBXTargetDependency */ = {
			isa = PBXTargetDependency;
			target = 54FCEAC41CC50C1C001DF8FC /* Support */;
			targetProxy = 54FCEAE51CC50C1C001DF8FC /* PBXContainerItemProxy */;
		};
/* End PBXTargetDependency section */

/* Begin PBXVariantGroup section */
		54FCEACC1CC50C1C001DF8FC /* Main.storyboard */ = {
			isa = PBXVariantGroup;
			children = (
				54FCEACD1CC50C1C001DF8FC /* Base */,
			);
			name = Main.storyboard;
			sourceTree = "<group>";
		};
		54FCEAD11CC50C1C001DF8FC /* LaunchScreen.storyboard */ = {
			isa = PBXVariantGroup;
			children = (
				54FCEAD21CC50C1C001DF8FC /* Base */,
			);
			name = LaunchScreen.storyboard;
			sourceTree = "<group>";
		};
/* End PBXVariantGroup section */

/* Begin XCBuildConfiguration section */
		54FCEAEB1CC50C1C001DF8FC /* Debug */ = {
			isa = XCBuildConfiguration;
			buildSettings = {
				ALWAYS_SEARCH_USER_PATHS = NO;
				CLANG_ANALYZER_NONNULL = YES;
				CLANG_CXX_LANGUAGE_STANDARD = "gnu++0x";
				CLANG_CXX_LIBRARY = "libc++";
				CLANG_ENABLE_MODULES = YES;
				CLANG_ENABLE_OBJC_ARC = YES;
				CLANG_WARN_BOOL_CONVERSION = YES;
				CLANG_WARN_CONSTANT_CONVERSION = YES;
				CLANG_WARN_DIRECT_OBJC_ISA_USAGE = YES_ERROR;
				CLANG_WARN_EMPTY_BODY = YES;
				CLANG_WARN_ENUM_CONVERSION = YES;
				CLANG_WARN_INT_CONVERSION = YES;
				CLANG_WARN_OBJC_ROOT_CLASS = YES_ERROR;
				CLANG_WARN_UNREACHABLE_CODE = YES;
				CLANG_WARN__DUPLICATE_METHOD_MATCH = YES;
				"CODE_SIGN_IDENTITY[sdk=iphoneos*]" = "iPhone Developer";
				COPY_PHASE_STRIP = NO;
				DEBUG_INFORMATION_FORMAT = dwarf;
				ENABLE_STRICT_OBJC_MSGSEND = YES;
				ENABLE_TESTABILITY = YES;
				GCC_C_LANGUAGE_STANDARD = gnu99;
				GCC_DYNAMIC_NO_PIC = NO;
				GCC_NO_COMMON_BLOCKS = YES;
				GCC_OPTIMIZATION_LEVEL = 0;
				GCC_PREPROCESSOR_DEFINITIONS = (
					"DEBUG=1",
					"$(inherited)",
				);
				GCC_WARN_64_TO_32_BIT_CONVERSION = YES;
				GCC_WARN_ABOUT_RETURN_TYPE = YES_ERROR;
				GCC_WARN_UNDECLARED_SELECTOR = YES;
				GCC_WARN_UNINITIALIZED_AUTOS = YES_AGGRESSIVE;
				GCC_WARN_UNUSED_FUNCTION = YES;
				GCC_WARN_UNUSED_VARIABLE = YES;
				IPHONEOS_DEPLOYMENT_TARGET = 9.3;
				MTL_ENABLE_DEBUG_INFO = YES;
				ONLY_ACTIVE_ARCH = YES;
				SDKROOT = iphoneos;
				SWIFT_OPTIMIZATION_LEVEL = "-Onone";
			};
			name = Debug;
		};
		54FCEAEC1CC50C1C001DF8FC /* Release */ = {
			isa = XCBuildConfiguration;
			buildSettings = {
				ALWAYS_SEARCH_USER_PATHS = NO;
				CLANG_ANALYZER_NONNULL = YES;
				CLANG_CXX_LANGUAGE_STANDARD = "gnu++0x";
				CLANG_CXX_LIBRARY = "libc++";
				CLANG_ENABLE_MODULES = YES;
				CLANG_ENABLE_OBJC_ARC = YES;
				CLANG_WARN_BOOL_CONVERSION = YES;
				CLANG_WARN_CONSTANT_CONVERSION = YES;
				CLANG_WARN_DIRECT_OBJC_ISA_USAGE = YES_ERROR;
				CLANG_WARN_EMPTY_BODY = YES;
				CLANG_WARN_ENUM_CONVERSION = YES;
				CLANG_WARN_INT_CONVERSION = YES;
				CLANG_WARN_OBJC_ROOT_CLASS = YES_ERROR;
				CLANG_WARN_UNREACHABLE_CODE = YES;
				CLANG_WARN__DUPLICATE_METHOD_MATCH = YES;
				"CODE_SIGN_IDENTITY[sdk=iphoneos*]" = "iPhone Developer";
				COPY_PHASE_STRIP = NO;
				DEBUG_INFORMATION_FORMAT = "dwarf-with-dsym";
				ENABLE_NS_ASSERTIONS = NO;
				ENABLE_STRICT_OBJC_MSGSEND = YES;
				GCC_C_LANGUAGE_STANDARD = gnu99;
				GCC_NO_COMMON_BLOCKS = YES;
				GCC_WARN_64_TO_32_BIT_CONVERSION = YES;
				GCC_WARN_ABOUT_RETURN_TYPE = YES_ERROR;
				GCC_WARN_UNDECLARED_SELECTOR = YES;
				GCC_WARN_UNINITIALIZED_AUTOS = YES_AGGRESSIVE;
				GCC_WARN_UNUSED_FUNCTION = YES;
				GCC_WARN_UNUSED_VARIABLE = YES;
				IPHONEOS_DEPLOYMENT_TARGET = 9.3;
				MTL_ENABLE_DEBUG_INFO = NO;
				SDKROOT = iphoneos;
				VALIDATE_PRODUCT = YES;
			};
			name = Release;
		};
		54FCEAEE1CC50C1C001DF8FC /* Debug */ = {
			isa = XCBuildConfiguration;
			buildSettings = {
				ASSETCATALOG_COMPILER_APPICON_NAME = AppIcon;
				CODE_SIGN_IDENTITY = "iPhone Developer";
				"CODE_SIGN_IDENTITY[sdk=iphoneos*]" = "iPhone Developer";
				INFOPLIST_FILE = Support/Info.plist;
				LD_RUNPATH_SEARCH_PATHS = "$(inherited) @executable_path/Frameworks";
				PRODUCT_BUNDLE_IDENTIFIER = sg.edu.nus.iss.wlad.Support;
				PRODUCT_NAME = "$(TARGET_NAME)";
				PROVISIONING_PROFILE = "";
			};
			name = Debug;
		};
		54FCEAEF1CC50C1C001DF8FC /* Release */ = {
			isa = XCBuildConfiguration;
			buildSettings = {
				ASSETCATALOG_COMPILER_APPICON_NAME = AppIcon;
				CODE_SIGN_IDENTITY = "iPhone Developer";
				"CODE_SIGN_IDENTITY[sdk=iphoneos*]" = "iPhone Developer";
				INFOPLIST_FILE = Support/Info.plist;
				LD_RUNPATH_SEARCH_PATHS = "$(inherited) @executable_path/Frameworks";
				PRODUCT_BUNDLE_IDENTIFIER = sg.edu.nus.iss.wlad.Support;
				PRODUCT_NAME = "$(TARGET_NAME)";
				PROVISIONING_PROFILE = "";
			};
			name = Release;
		};
		54FCEAF11CC50C1C001DF8FC /* Debug */ = {
			isa = XCBuildConfiguration;
			buildSettings = {
				BUNDLE_LOADER = "$(TEST_HOST)";
				INFOPLIST_FILE = SupportTests/Info.plist;
				LD_RUNPATH_SEARCH_PATHS = "$(inherited) @executable_path/Frameworks @loader_path/Frameworks";
				PRODUCT_BUNDLE_IDENTIFIER = sg.edu.nus.iss.wlad.SupportTests;
				PRODUCT_NAME = "$(TARGET_NAME)";
				TEST_HOST = "$(BUILT_PRODUCTS_DIR)/Support.app/Support";
			};
			name = Debug;
		};
		54FCEAF21CC50C1C001DF8FC /* Release */ = {
			isa = XCBuildConfiguration;
			buildSettings = {
				BUNDLE_LOADER = "$(TEST_HOST)";
				INFOPLIST_FILE = SupportTests/Info.plist;
				LD_RUNPATH_SEARCH_PATHS = "$(inherited) @executable_path/Frameworks @loader_path/Frameworks";
				PRODUCT_BUNDLE_IDENTIFIER = sg.edu.nus.iss.wlad.SupportTests;
				PRODUCT_NAME = "$(TARGET_NAME)";
				TEST_HOST = "$(BUILT_PRODUCTS_DIR)/Support.app/Support";
			};
			name = Release;
		};
		54FCEAF41CC50C1C001DF8FC /* Debug */ = {
			isa = XCBuildConfiguration;
			buildSettings = {
				INFOPLIST_FILE = SupportUITests/Info.plist;
				LD_RUNPATH_SEARCH_PATHS = "$(inherited) @executable_path/Frameworks @loader_path/Frameworks";
				PRODUCT_BUNDLE_IDENTIFIER = sg.edu.nus.iss.wlad.SupportUITests;
				PRODUCT_NAME = "$(TARGET_NAME)";
				TEST_TARGET_NAME = Support;
			};
			name = Debug;
		};
		54FCEAF51CC50C1C001DF8FC /* Release */ = {
			isa = XCBuildConfiguration;
			buildSettings = {
				INFOPLIST_FILE = SupportUITests/Info.plist;
				LD_RUNPATH_SEARCH_PATHS = "$(inherited) @executable_path/Frameworks @loader_path/Frameworks";
				PRODUCT_BUNDLE_IDENTIFIER = sg.edu.nus.iss.wlad.SupportUITests;
				PRODUCT_NAME = "$(TARGET_NAME)";
				TEST_TARGET_NAME = Support;
			};
			name = Release;
		};
/* End XCBuildConfiguration section */

/* Begin XCConfigurationList section */
		54FCEAC01CC50C1C001DF8FC /* Build configuration list for PBXProject "Support" */ = {
			isa = XCConfigurationList;
			buildConfigurations = (
				54FCEAEB1CC50C1C001DF8FC /* Debug */,
				54FCEAEC1CC50C1C001DF8FC /* Release */,
			);
			defaultConfigurationIsVisible = 0;
			defaultConfigurationName = Release;
		};
		54FCEAED1CC50C1C001DF8FC /* Build configuration list for PBXNativeTarget "Support" */ = {
			isa = XCConfigurationList;
			buildConfigurations = (
				54FCEAEE1CC50C1C001DF8FC /* Debug */,
				54FCEAEF1CC50C1C001DF8FC /* Release */,
			);
			defaultConfigurationIsVisible = 0;
			defaultConfigurationName = Release;
		};
		54FCEAF01CC50C1C001DF8FC /* Build configuration list for PBXNativeTarget "SupportTests" */ = {
			isa = XCConfigurationList;
			buildConfigurations = (
				54FCEAF11CC50C1C001DF8FC /* Debug */,
				54FCEAF21CC50C1C001DF8FC /* Release */,
			);
			defaultConfigurationIsVisible = 0;
			defaultConfigurationName = Release;
		};
		54FCEAF31CC50C1C001DF8FC /* Build configuration list for PBXNativeTarget "SupportUITests" */ = {
			isa = XCConfigurationList;
			buildConfigurations = (
				54FCEAF41CC50C1C001DF8FC /* Debug */,
				54FCEAF51CC50C1C001DF8FC /* Release */,
			);
			defaultConfigurationIsVisible = 0;
			defaultConfigurationName = Release;
		};
/* End XCConfigurationList section */
	};
	rootObject = 54FCEABD1CC50C1C001DF8FC /* Project object */;
}
